// !$*UTF8*$!
{
	archiveVersion = 1;
	classes = {
	};
	objectVersion = 50;
	objects = {

/* Begin PBXBuildFile section */
		A703E311236C7C4900006D1C /* Grid.swift in Sources */ = {isa = PBXBuildFile; fileRef = A703E310236C7C4900006D1C /* Grid.swift */; };
		A71E25842371599F0043AA9E /* StyleButton.swift in Sources */ = {isa = PBXBuildFile; fileRef = A71E25832371599F0043AA9E /* StyleButton.swift */; };
		A71E258623715A610043AA9E /* Helper.swift in Sources */ = {isa = PBXBuildFile; fileRef = A71E258523715A610043AA9E /* Helper.swift */; };
		A71E258E23716A4B0043AA9E /* SettingsView.swift in Sources */ = {isa = PBXBuildFile; fileRef = A71E258D23716A4B0043AA9E /* SettingsView.swift */; };
		A75C9A4B236857EE00589039 /* PuzzleView.swift in Sources */ = {isa = PBXBuildFile; fileRef = A75C9A4A236857EE00589039 /* PuzzleView.swift */; };
		A76ECD5F23717B3E00F57621 /* HelpsView.swift in Sources */ = {isa = PBXBuildFile; fileRef = A76ECD5E23717B3E00F57621 /* HelpsView.swift */; };
		A76ECD632371848600F57621 /* SolutionView.swift in Sources */ = {isa = PBXBuildFile; fileRef = A76ECD622371848600F57621 /* SolutionView.swift */; };
		A7E953BF23659E4E00648C3E /* AppDelegate.swift in Sources */ = {isa = PBXBuildFile; fileRef = A7E953BE23659E4E00648C3E /* AppDelegate.swift */; };
		A7E953C123659E4E00648C3E /* SceneDelegate.swift in Sources */ = {isa = PBXBuildFile; fileRef = A7E953C023659E4E00648C3E /* SceneDelegate.swift */; };
		A7E953C523659E4F00648C3E /* Assets.xcassets in Resources */ = {isa = PBXBuildFile; fileRef = A7E953C423659E4F00648C3E /* Assets.xcassets */; };
		A7E953C823659E4F00648C3E /* Preview Assets.xcassets in Resources */ = {isa = PBXBuildFile; fileRef = A7E953C723659E4F00648C3E /* Preview Assets.xcassets */; };
		A7E953CB23659E4F00648C3E /* LaunchScreen.storyboard in Resources */ = {isa = PBXBuildFile; fileRef = A7E953C923659E4F00648C3E /* LaunchScreen.storyboard */; };
		A7E953D62367C61B00648C3E /* MainView.swift in Sources */ = {isa = PBXBuildFile; fileRef = A7E953D52367C61B00648C3E /* MainView.swift */; };
/* End PBXBuildFile section */

/* Begin PBXFileReference section */
		A703E310236C7C4900006D1C /* Grid.swift */ = {isa = PBXFileReference; lastKnownFileType = sourcecode.swift; path = Grid.swift; sourceTree = "<group>"; };
		A71E25832371599F0043AA9E /* StyleButton.swift */ = {isa = PBXFileReference; lastKnownFileType = sourcecode.swift; path = StyleButton.swift; sourceTree = "<group>"; };
		A71E258523715A610043AA9E /* Helper.swift */ = {isa = PBXFileReference; lastKnownFileType = sourcecode.swift; path = Helper.swift; sourceTree = "<group>"; };
		A71E258D23716A4B0043AA9E /* SettingsView.swift */ = {isa = PBXFileReference; lastKnownFileType = sourcecode.swift; path = SettingsView.swift; sourceTree = "<group>"; };
		A75C9A4A236857EE00589039 /* PuzzleView.swift */ = {isa = PBXFileReference; lastKnownFileType = sourcecode.swift; path = PuzzleView.swift; sourceTree = "<group>"; };
		A76ECD5E23717B3E00F57621 /* HelpsView.swift */ = {isa = PBXFileReference; lastKnownFileType = sourcecode.swift; path = HelpsView.swift; sourceTree = "<group>"; };
		A76ECD622371848600F57621 /* SolutionView.swift */ = {isa = PBXFileReference; lastKnownFileType = sourcecode.swift; path = SolutionView.swift; sourceTree = "<group>"; };
		A7E953BB23659E4E00648C3E /* NumberPuzzle.app */ = {isa = PBXFileReference; explicitFileType = wrapper.application; includeInIndex = 0; path = NumberPuzzle.app; sourceTree = BUILT_PRODUCTS_DIR; };
		A7E953BE23659E4E00648C3E /* AppDelegate.swift */ = {isa = PBXFileReference; lastKnownFileType = sourcecode.swift; path = AppDelegate.swift; sourceTree = "<group>"; };
		A7E953C023659E4E00648C3E /* SceneDelegate.swift */ = {isa = PBXFileReference; lastKnownFileType = sourcecode.swift; path = SceneDelegate.swift; sourceTree = "<group>"; };
		A7E953C423659E4F00648C3E /* Assets.xcassets */ = {isa = PBXFileReference; lastKnownFileType = folder.assetcatalog; path = Assets.xcassets; sourceTree = "<group>"; };
		A7E953C723659E4F00648C3E /* Preview Assets.xcassets */ = {isa = PBXFileReference; lastKnownFileType = folder.assetcatalog; path = "Preview Assets.xcassets"; sourceTree = "<group>"; };
		A7E953CA23659E4F00648C3E /* Base */ = {isa = PBXFileReference; lastKnownFileType = file.storyboard; name = Base; path = Base.lproj/LaunchScreen.storyboard; sourceTree = "<group>"; };
		A7E953CC23659E4F00648C3E /* Info.plist */ = {isa = PBXFileReference; lastKnownFileType = text.plist.xml; path = Info.plist; sourceTree = "<group>"; };
		A7E953D52367C61B00648C3E /* MainView.swift */ = {isa = PBXFileReference; lastKnownFileType = sourcecode.swift; path = MainView.swift; sourceTree = "<group>"; };
/* End PBXFileReference section */

/* Begin PBXFrameworksBuildPhase section */
		A7E953B823659E4E00648C3E /* Frameworks */ = {
			isa = PBXFrameworksBuildPhase;
			buildActionMask = 2147483647;
			files = (
			);
			runOnlyForDeploymentPostprocessing = 0;
		};
/* End PBXFrameworksBuildPhase section */

/* Begin PBXGroup section */
		A7E953B223659E4E00648C3E = {
			isa = PBXGroup;
			children = (
				A7E953BD23659E4E00648C3E /* NumberPuzzle */,
				A7E953BC23659E4E00648C3E /* Products */,
			);
			sourceTree = "<group>";
		};
		A7E953BC23659E4E00648C3E /* Products */ = {
			isa = PBXGroup;
			children = (
				A7E953BB23659E4E00648C3E /* NumberPuzzle.app */,
			);
			name = Products;
			sourceTree = "<group>";
		};
		A7E953BD23659E4E00648C3E /* NumberPuzzle */ = {
			isa = PBXGroup;
			children = (
				A7E953BE23659E4E00648C3E /* AppDelegate.swift */,
				A7E953C023659E4E00648C3E /* SceneDelegate.swift */,
				A7E953D32367C5D600648C3E /* Models */,
				A7E953D22367C5CD00648C3E /* VIews */,
				A7E953C423659E4F00648C3E /* Assets.xcassets */,
				A7E953C923659E4F00648C3E /* LaunchScreen.storyboard */,
				A7E953CC23659E4F00648C3E /* Info.plist */,
				A7E953C623659E4F00648C3E /* Preview Content */,
			);
			path = NumberPuzzle;
			sourceTree = "<group>";
		};
		A7E953C623659E4F00648C3E /* Preview Content */ = {
			isa = PBXGroup;
			children = (
				A7E953C723659E4F00648C3E /* Preview Assets.xcassets */,
			);
			path = "Preview Content";
			sourceTree = "<group>";
		};
		A7E953D22367C5CD00648C3E /* VIews */ = {
			isa = PBXGroup;
			children = (
				A7E953D52367C61B00648C3E /* MainView.swift */,
				A75C9A4A236857EE00589039 /* PuzzleView.swift */,
				A71E25832371599F0043AA9E /* StyleButton.swift */,
				A71E258D23716A4B0043AA9E /* SettingsView.swift */,
				A76ECD5E23717B3E00F57621 /* HelpsView.swift */,
				A76ECD622371848600F57621 /* SolutionView.swift */,
			);
			path = VIews;
			sourceTree = "<group>";
		};
		A7E953D32367C5D600648C3E /* Models */ = {
			isa = PBXGroup;
			children = (
				A703E310236C7C4900006D1C /* Grid.swift */,
				A71E258523715A610043AA9E /* Helper.swift */,
			);
			path = Models;
			sourceTree = "<group>";
		};
/* End PBXGroup section */

/* Begin PBXNativeTarget section */
		A7E953BA23659E4E00648C3E /* NumberPuzzle */ = {
			isa = PBXNativeTarget;
			buildConfigurationList = A7E953CF23659E4F00648C3E /* Build configuration list for PBXNativeTarget "NumberPuzzle" */;
			buildPhases = (
				A7E953B723659E4E00648C3E /* Sources */,
				A7E953B823659E4E00648C3E /* Frameworks */,
				A7E953B923659E4E00648C3E /* Resources */,
			);
			buildRules = (
			);
			dependencies = (
			);
			name = NumberPuzzle;
			productName = NumberPuzzle;
			productReference = A7E953BB23659E4E00648C3E /* NumberPuzzle.app */;
			productType = "com.apple.product-type.application";
		};
/* End PBXNativeTarget section */

/* Begin PBXProject section */
		A7E953B323659E4E00648C3E /* Project object */ = {
			isa = PBXProject;
			attributes = {
				LastSwiftUpdateCheck = 1110;
				LastUpgradeCheck = 1110;
				ORGANIZATIONNAME = "Ronnie Li";
				TargetAttributes = {
					A7E953BA23659E4E00648C3E = {
						CreatedOnToolsVersion = 11.1;
					};
				};
			};
			buildConfigurationList = A7E953B623659E4E00648C3E /* Build configuration list for PBXProject "NumberPuzzle" */;
			compatibilityVersion = "Xcode 9.3";
			developmentRegion = en;
			hasScannedForEncodings = 0;
			knownRegions = (
				en,
				Base,
			);
			mainGroup = A7E953B223659E4E00648C3E;
			productRefGroup = A7E953BC23659E4E00648C3E /* Products */;
			projectDirPath = "";
			projectRoot = "";
			targets = (
				A7E953BA23659E4E00648C3E /* NumberPuzzle */,
			);
		};
/* End PBXProject section */

/* Begin PBXResourcesBuildPhase section */
		A7E953B923659E4E00648C3E /* Resources */ = {
			isa = PBXResourcesBuildPhase;
			buildActionMask = 2147483647;
			files = (
				A7E953CB23659E4F00648C3E /* LaunchScreen.storyboard in Resources */,
				A7E953C823659E4F00648C3E /* Preview Assets.xcassets in Resources */,
				A7E953C523659E4F00648C3E /* Assets.xcassets in Resources */,
			);
			runOnlyForDeploymentPostprocessing = 0;
		};
/* End PBXResourcesBuildPhase section */

/* Begin PBXSourcesBuildPhase section */
		A7E953B723659E4E00648C3E /* Sources */ = {
			isa = PBXSourcesBuildPhase;
			buildActionMask = 2147483647;
			files = (
				A71E25842371599F0043AA9E /* StyleButton.swift in Sources */,
				A7E953BF23659E4E00648C3E /* AppDelegate.swift in Sources */,
				A7E953D62367C61B00648C3E /* MainView.swift in Sources */,
				A71E258E23716A4B0043AA9E /* SettingsView.swift in Sources */,
				A71E258623715A610043AA9E /* Helper.swift in Sources */,
				A7E953C123659E4E00648C3E /* SceneDelegate.swift in Sources */,
				A703E311236C7C4900006D1C /* Grid.swift in Sources */,
				A76ECD632371848600F57621 /* SolutionView.swift in Sources */,
				A76ECD5F23717B3E00F57621 /* HelpsView.swift in Sources */,
				A75C9A4B236857EE00589039 /* PuzzleView.swift in Sources */,
			);
			runOnlyForDeploymentPostprocessing = 0;
		};
/* End PBXSourcesBuildPhase section */

/* Begin PBXVariantGroup section */
		A7E953C923659E4F00648C3E /* LaunchScreen.storyboard */ = {
			isa = PBXVariantGroup;
			children = (
				A7E953CA23659E4F00648C3E /* Base */,
			);
			name = LaunchScreen.storyboard;
			sourceTree = "<group>";
		};
/* End PBXVariantGroup section */

/* Begin XCBuildConfiguration section */
		A7E953CD23659E4F00648C3E /* Debug */ = {
			isa = XCBuildConfiguration;
			buildSettings = {
				ALWAYS_SEARCH_USER_PATHS = NO;
				CLANG_ANALYZER_NONNULL = YES;
				CLANG_ANALYZER_NUMBER_OBJECT_CONVERSION = YES_AGGRESSIVE;
				CLANG_CXX_LANGUAGE_STANDARD = "gnu++14";
				CLANG_CXX_LIBRARY = "libc++";
				CLANG_ENABLE_MODULES = YES;
				CLANG_ENABLE_OBJC_ARC = YES;
				CLANG_ENABLE_OBJC_WEAK = YES;
				CLANG_WARN_BLOCK_CAPTURE_AUTORELEASING = YES;
				CLANG_WARN_BOOL_CONVERSION = YES;
				CLANG_WARN_COMMA = YES;
				CLANG_WARN_CONSTANT_CONVERSION = YES;
				CLANG_WARN_DEPRECATED_OBJC_IMPLEMENTATIONS = YES;
				CLANG_WARN_DIRECT_OBJC_ISA_USAGE = YES_ERROR;
				CLANG_WARN_DOCUMENTATION_COMMENTS = YES;
				CLANG_WARN_EMPTY_BODY = YES;
				CLANG_WARN_ENUM_CONVERSION = YES;
				CLANG_WARN_INFINITE_RECURSION = YES;
				CLANG_WARN_INT_CONVERSION = YES;
				CLANG_WARN_NON_LITERAL_NULL_CONVERSION = YES;
				CLANG_WARN_OBJC_IMPLICIT_RETAIN_SELF = YES;
				CLANG_WARN_OBJC_LITERAL_CONVERSION = YES;
				CLANG_WARN_OBJC_ROOT_CLASS = YES_ERROR;
				CLANG_WARN_RANGE_LOOP_ANALYSIS = YES;
				CLANG_WARN_STRICT_PROTOTYPES = YES;
				CLANG_WARN_SUSPICIOUS_MOVE = YES;
				CLANG_WARN_UNGUARDED_AVAILABILITY = YES_AGGRESSIVE;
				CLANG_WARN_UNREACHABLE_CODE = YES;
				CLANG_WARN__DUPLICATE_METHOD_MATCH = YES;
				COPY_PHASE_STRIP = NO;
				DEBUG_INFORMATION_FORMAT = dwarf;
				ENABLE_STRICT_OBJC_MSGSEND = YES;
				ENABLE_TESTABILITY = YES;
				GCC_C_LANGUAGE_STANDARD = gnu11;
				GCC_DYNAMIC_NO_PIC = NO;
				GCC_NO_COMMON_BLOCKS = YES;
				GCC_OPTIMIZATION_LEVEL = 0;
				GCC_PREPROCESSOR_DEFINITIONS = (
					"DEBUG=1",
					"$(inherited)",
				);
				GCC_WARN_64_TO_32_BIT_CONVERSION = YES;
				GCC_WARN_ABOUT_RETURN_TYPE = YES_ERROR;
				GCC_WARN_UNDECLARED_SELECTOR = YES;
				GCC_WARN_UNINITIALIZED_AUTOS = YES_AGGRESSIVE;
				GCC_WARN_UNUSED_FUNCTION = YES;
				GCC_WARN_UNUSED_VARIABLE = YES;
				IPHONEOS_DEPLOYMENT_TARGET = 13.1;
				MTL_ENABLE_DEBUG_INFO = INCLUDE_SOURCE;
				MTL_FAST_MATH = YES;
				ONLY_ACTIVE_ARCH = YES;
				SDKROOT = iphoneos;
				SWIFT_ACTIVE_COMPILATION_CONDITIONS = DEBUG;
				SWIFT_OPTIMIZATION_LEVEL = "-Onone";
			};
			name = Debug;
		};
		A7E953CE23659E4F00648C3E /* Release */ = {
			isa = XCBuildConfiguration;
			buildSettings = {
				ALWAYS_SEARCH_USER_PATHS = NO;
				CLANG_ANALYZER_NONNULL = YES;
				CLANG_ANALYZER_NUMBER_OBJECT_CONVERSION = YES_AGGRESSIVE;
				CLANG_CXX_LANGUAGE_STANDARD = "gnu++14";
				CLANG_CXX_LIBRARY = "libc++";
				CLANG_ENABLE_MODULES = YES;
				CLANG_ENABLE_OBJC_ARC = YES;
				CLANG_ENABLE_OBJC_WEAK = YES;
				CLANG_WARN_BLOCK_CAPTURE_AUTORELEASING = YES;
				CLANG_WARN_BOOL_CONVERSION = YES;
				CLANG_WARN_COMMA = YES;
				CLANG_WARN_CONSTANT_CONVERSION = YES;
				CLANG_WARN_DEPRECATED_OBJC_IMPLEMENTATIONS = YES;
				CLANG_WARN_DIRECT_OBJC_ISA_USAGE = YES_ERROR;
				CLANG_WARN_DOCUMENTATION_COMMENTS = YES;
				CLANG_WARN_EMPTY_BODY = YES;
				CLANG_WARN_ENUM_CONVERSION = YES;
				CLANG_WARN_INFINITE_RECURSION = YES;
				CLANG_WARN_INT_CONVERSION = YES;
				CLANG_WARN_NON_LITERAL_NULL_CONVERSION = YES;
				CLANG_WARN_OBJC_IMPLICIT_RETAIN_SELF = YES;
				CLANG_WARN_OBJC_LITERAL_CONVERSION = YES;
				CLANG_WARN_OBJC_ROOT_CLASS = YES_ERROR;
				CLANG_WARN_RANGE_LOOP_ANALYSIS = YES;
				CLANG_WARN_STRICT_PROTOTYPES = YES;
				CLANG_WARN_SUSPICIOUS_MOVE = YES;
				CLANG_WARN_UNGUARDED_AVAILABILITY = YES_AGGRESSIVE;
				CLANG_WARN_UNREACHABLE_CODE = YES;
				CLANG_WARN__DUPLICATE_METHOD_MATCH = YES;
				COPY_PHASE_STRIP = NO;
				DEBUG_INFORMATION_FORMAT = "dwarf-with-dsym";
				ENABLE_NS_ASSERTIONS = NO;
				ENABLE_STRICT_OBJC_MSGSEND = YES;
				GCC_C_LANGUAGE_STANDARD = gnu11;
				GCC_NO_COMMON_BLOCKS = YES;
				GCC_WARN_64_TO_32_BIT_CONVERSION = YES;
				GCC_WARN_ABOUT_RETURN_TYPE = YES_ERROR;
				GCC_WARN_UNDECLARED_SELECTOR = YES;
				GCC_WARN_UNINITIALIZED_AUTOS = YES_AGGRESSIVE;
				GCC_WARN_UNUSED_FUNCTION = YES;
				GCC_WARN_UNUSED_VARIABLE = YES;
				IPHONEOS_DEPLOYMENT_TARGET = 13.1;
				MTL_ENABLE_DEBUG_INFO = NO;
				MTL_FAST_MATH = YES;
				SDKROOT = iphoneos;
				SWIFT_COMPILATION_MODE = wholemodule;
				SWIFT_OPTIMIZATION_LEVEL = "-O";
				VALIDATE_PRODUCT = YES;
			};
			name = Release;
		};
		A7E953D023659E4F00648C3E /* Debug */ = {
			isa = XCBuildConfiguration;
			buildSettings = {
				ASSETCATALOG_COMPILER_APPICON_NAME = AppIcon;
				CODE_SIGN_STYLE = Automatic;
				DEVELOPMENT_ASSET_PATHS = "\"NumberPuzzle/Preview Content\"";
				DEVELOPMENT_TEAM = 5WXPHUMH7W;
				ENABLE_PREVIEWS = YES;
				INFOPLIST_FILE = NumberPuzzle/Info.plist;
				LD_RUNPATH_SEARCH_PATHS = (
					"$(inherited)",
					"@executable_path/Frameworks",
				);
				PRODUCT_BUNDLE_IDENTIFIER = ronnie.li.NumberPuzzle;
				PRODUCT_NAME = "$(TARGET_NAME)";
				SWIFT_VERSION = 5.0;
				TARGETED_DEVICE_FAMILY = "1,2";
			};
			name = Debug;
		};
		A7E953D123659E4F00648C3E /* Release */ = {
			isa = XCBuildConfiguration;
			buildSettings = {
				ASSETCATALOG_COMPILER_APPICON_NAME = AppIcon;
				CODE_SIGN_STYLE = Automatic;
				DEVELOPMENT_ASSET_PATHS = "\"NumberPuzzle/Preview Content\"";
				DEVELOPMENT_TEAM = 5WXPHUMH7W;
				ENABLE_PREVIEWS = YES;
				INFOPLIST_FILE = NumberPuzzle/Info.plist;
				LD_RUNPATH_SEARCH_PATHS = (
					"$(inherited)",
					"@executable_path/Frameworks",
				);
				PRODUCT_BUNDLE_IDENTIFIER = ronnie.li.NumberPuzzle;
				PRODUCT_NAME = "$(TARGET_NAME)";
				SWIFT_VERSION = 5.0;
				TARGETED_DEVICE_FAMILY = "1,2";
			};
			name = Release;
		};
/* End XCBuildConfiguration section */

/* Begin XCConfigurationList section */
		A7E953B623659E4E00648C3E /* Build configuration list for PBXProject "NumberPuzzle" */ = {
			isa = XCConfigurationList;
			buildConfigurations = (
				A7E953CD23659E4F00648C3E /* Debug */,
				A7E953CE23659E4F00648C3E /* Release */,
			);
			defaultConfigurationIsVisible = 0;
			defaultConfigurationName = Release;
		};
		A7E953CF23659E4F00648C3E /* Build configuration list for PBXNativeTarget "NumberPuzzle" */ = {
			isa = XCConfigurationList;
			buildConfigurations = (
				A7E953D023659E4F00648C3E /* Debug */,
				A7E953D123659E4F00648C3E /* Release */,
			);
			defaultConfigurationIsVisible = 0;
			defaultConfigurationName = Release;
		};
/* End XCConfigurationList section */
	};
	rootObject = A7E953B323659E4E00648C3E /* Project object */;
}
